
Microsoft Visual Studio Solution File, Format Version 12.00
# Visual Studio 15
VisualStudioVersion = 15.0.27130.0
MinimumVisualStudioVersion = 10.0.40219.1
Project("{FAE04EC0-301F-11D3-BF4B-00C04F79EFBC}") = "r-from-csharp", "r-from-csharp\r-from-csharp.csproj", "{21231303-652D-48A4-B69A-5C9527A4ABE5}"
EndProject
Global
	GlobalSection(SolutionConfigurationPlatforms) = preSolution
		Debug|Any CPU = Debug|Any CPU
		Release|Any CPU = Release|Any CPU
	EndGlobalSection
	GlobalSection(ProjectConfigurationPlatforms) = postSolution
		{21231303-652D-48A4-B69A-5C9527A4ABE5}.Debug|Any CPU.ActiveCfg = Debug|Any CPU
		{21231303-652D-48A4-B69A-5C9527A4ABE5}.Debug|Any CPU.Build.0 = Debug|Any CPU
		{21231303-652D-48A4-B69A-5C9527A4ABE5}.Release|Any CPU.ActiveCfg = Release|Any CPU
		{21231303-652D-48A4-B69A-5C9527A4ABE5}.Release|Any CPU.Build.0 = Release|Any CPU
	EndGlobalSection
	GlobalSection(SolutionProperties) = preSolution
		HideSolutionNode = FALSE
	EndGlobalSection
	GlobalSection(ExtensibilityGlobals) = postSolution
		SolutionGuid = {9AA3E574-4454-4EC2-9151-9D4786304290}
	EndGlobalSection
EndGlobal
